
Microsoft Visual Studio Solution File, Format Version 12.00
# Visual Studio Version 17
VisualStudioVersion = 17.8.34322.80
MinimumVisualStudioVersion = 10.0.40219.1
Project("{FAE04EC0-301F-11D3-BF4B-00C04F79EFBC}") = "Modul7.HW", "Modul7.HW\Modul7.HW.csproj", "{2A31E80F-CEE0-48EB-A179-747A4AE98444}"
EndProject
Global
	GlobalSection(SolutionConfigurationPlatforms) = preSolution
		Debug|Any CPU = Debug|Any CPU
		Release|Any CPU = Release|Any CPU
	EndGlobalSection
	GlobalSection(ProjectConfigurationPlatforms) = postSolution
		{2A31E80F-CEE0-48EB-A179-747A4AE98444}.Debug|Any CPU.ActiveCfg = Debug|Any CPU
		{2A31E80F-CEE0-48EB-A179-747A4AE98444}.Debug|Any CPU.Build.0 = Debug|Any CPU
		{2A31E80F-CEE0-48EB-A179-747A4AE98444}.Release|Any CPU.ActiveCfg = Release|Any CPU
		{2A31E80F-CEE0-48EB-A179-747A4AE98444}.Release|Any CPU.Build.0 = Release|Any CPU
	EndGlobalSection
	GlobalSection(SolutionProperties) = preSolution
		HideSolutionNode = FALSE
	EndGlobalSection
	GlobalSection(ExtensibilityGlobals) = postSolution
		SolutionGuid = {4BF71768-D581-4786-A6C9-3120F13770A2}
	EndGlobalSection
EndGlobal
